// !$*UTF8*$!
{
	"archiveVersion" = "1";
	"classes" = {
	};
	"objectVersion" = "60";
	"objects" = {
        "A10926AB0000000000000001" = { "isa" = "PBXFileReference"; "lastKnownFileType" = "sourcecode.swift"; "path" = "Requestman/Features/Rules/JavaScriptSyntax.swift"; "sourceTree" = "<group>"; };
        "A10926AB0000000000000002" = { "isa" = "PBXBuildFile"; "fileRef" = "A10926AB0000000000000001"; };
        "A10926E01000000000000001" = { "isa" = "PBXFileReference"; "lastKnownFileType" = "sourcecode.swift"; "path" = "Requestman/Infrastructure/Capture/SystemRuleHitNotifications.swift"; "sourceTree" = "<group>"; };
        "A10926E01000000000000002" = { "isa" = "PBXBuildFile"; "fileRef" = "A10926E01000000000000001"; };
        "A10926C01000000000000001" = { "isa" = "PBXFileReference"; "lastKnownFileType" = "sourcecode.swift"; "path" = "Requestman/Features/Workspace/JSONSyntax.swift"; "sourceTree" = "<group>"; };
        "A10926C01000000000000002" = { "isa" = "PBXBuildFile"; "fileRef" = "A10926C01000000000000001"; };
        "A10926B0D000000000000001" = { "isa" = "PBXFileReference"; "lastKnownFileType" = "sourcecode.swift"; "path" = "Requestman/Features/Rules/BodyTextEditing.swift"; "sourceTree" = "<group>"; };
        "A10926B0D000000000000002" = { "isa" = "PBXBuildFile"; "fileRef" = "A10926B0D000000000000001"; };
        "A10A99000000000000000051" = { "isa" = "PBXFileReference"; "lastKnownFileType" = "sourcecode.swift"; "path" = "Requestman/Features/Rules/TemplateValuesView.swift"; "sourceTree" = "<group>"; };
        "A10A99000000000000000052" = { "isa" = "PBXBuildFile"; "fileRef" = "A10A99000000000000000051"; };
        "A10926D00000000000000003" = { "isa" = "PBXFileReference"; "lastKnownFileType" = "sourcecode.swift"; "path" = "Requestman/Features/Rules/ProjectIconMenu.swift"; "sourceTree" = "<group>"; };
        "A10926D00000000000000004" = { "isa" = "PBXBuildFile"; "fileRef" = "A10926D00000000000000003"; };
        "A10926D00000000000000001" = { "isa" = "PBXFileReference"; "lastKnownFileType" = "sourcecode.swift"; "path" = "Requestman/Features/Rules/ProjectSidebarViews.swift"; "sourceTree" = "<group>"; };
        "A10926D00000000000000002" = { "isa" = "PBXBuildFile"; "fileRef" = "A10926D00000000000000001"; };
		"A10926C00000000000000001" = {
			"isa" = "PBXFileReference";
			"lastKnownFileType" = "folder.iconcomposer.icon";
			"path" = "Requestman/Resources/AppIcon.icon";
			"sourceTree" = "<group>";
		};
		"A10926C00000000000000002" = {
			"isa" = "PBXBuildFile";
			"fileRef" = "A10926C00000000000000001";
		};
		"A10A99000000000000000001" = { "isa" = "PBXFileReference"; "lastKnownFileType" = "sourcecode.swift"; "path" = "Requestman/Features/Workspace/AppKitSupport.swift"; "sourceTree" = "<group>"; };
		"A10A99000000000000000002" = { "isa" = "PBXBuildFile"; "fileRef" = "A10A99000000000000000001"; };
        "A10926F01000000000000001" = { "isa" = "PBXFileReference"; "lastKnownFileType" = "sourcecode.swift"; "path" = "Requestman/Features/Rules/WorkflowMatchTestView.swift"; "sourceTree" = "<group>"; };
        "A10926F01000000000000002" = { "isa" = "PBXBuildFile"; "fileRef" = "A10926F01000000000000001"; };
        "BEB4E525F48603DE12666E8E" = { "isa" = "PBXFileReference"; "lastKnownFileType" = "sourcecode.swift"; "path" = "Requestman/Features/Rules/WorkflowPreviewView.swift"; "sourceTree" = "<group>"; };
        "3FE625F0ED4E4732804874D9" = { "isa" = "PBXBuildFile"; "fileRef" = "BEB4E525F48603DE12666E8E"; };
        "F38B4ECE2819FC9E4240EE95" = { "isa" = "PBXFileReference"; "lastKnownFileType" = "sourcecode.swift"; "path" = "Requestman/Features/Rules/StepInspectorView.swift"; "sourceTree" = "<group>"; };
        "22372EBFC3A8E041A25BF830" = { "isa" = "PBXBuildFile"; "fileRef" = "F38B4ECE2819FC9E4240EE95"; };
        "1ADC8B696AE5EE9F146362A5" = { "isa" = "PBXFileReference"; "lastKnownFileType" = "sourcecode.swift"; "path" = "Requestman/Features/Rules/ScriptEditorView.swift"; "sourceTree" = "<group>"; };
        "9AE475B59ADF0ADC61AB8C9E" = { "isa" = "PBXBuildFile"; "fileRef" = "1ADC8B696AE5EE9F146362A5"; };
        "43FA72838C312E5A373171D3" = { "isa" = "PBXFileReference"; "lastKnownFileType" = "sourcecode.swift"; "path" = "Requestman/Features/Rules/HeaderNameField.swift"; "sourceTree" = "<group>"; };
        "D05FACDD10ACF1C575F2521E" = { "isa" = "PBXBuildFile"; "fileRef" = "43FA72838C312E5A373171D3"; };
        "6DEF4499A370158C3E868307" = { "isa" = "PBXFileReference"; "lastKnownFileType" = "sourcecode.swift"; "path" = "Requestman/Features/Rules/FlowEditorView.swift"; "sourceTree" = "<group>"; };
        "81833207DF5631BF81282D3A" = { "isa" = "PBXBuildFile"; "fileRef" = "6DEF4499A370158C3E868307"; };
        "A109250F17E2000000000001" = {
            "isa" = "PBXFileReference";
            "lastKnownFileType" = "sourcecode.swift";
            "path" = "Requestman/Features/Requests/RequestFilterControls.swift";
            "sourceTree" = "<group>";
        };
        "A109250F17E2000000000002" = { "isa" = "PBXBuildFile"; "fileRef" = "A109250F17E2000000000001"; };
		"A10D78910B42E56000000003" = {
			"isa" = "PBXFileReference";
			"lastKnownFileType" = "sourcecode.swift";
			"path" = "Requestman/Features/Requests/RequestInspectionMode.swift";
			"sourceTree" = "<group>";
		};
		"A10D78910B42E56000000004" = {
			"isa" = "PBXBuildFile";
			"fileRef" = "A10D78910B42E56000000003";
		};
		"A10D78910B42E56000000001" = {
			"isa" = "PBXFileReference";
			"lastKnownFileType" = "sourcecode.swift";
			"path" = "Requestman/Features/Workspace/WorkspaceSplitView.swift";
			"sourceTree" = "<group>";
		};
		"A10D78910B42E56000000002" = {
			"isa" = "PBXBuildFile";
			"fileRef" = "A10D78910B42E56000000001";
		};
		"BFDE1824B4D34C994FC8FE42" = {
			"isa" = "PBXFileReference";
			"lastKnownFileType" = "sourcecode.swift";
			"path" = "Requestman/Features/Requests/RequestCURL.swift";
			"sourceTree" = "<group>";
		};
		"03FF0AB517F40B032C6E9FF3" = {
			"isa" = "PBXBuildFile";
			"fileRef" = "BFDE1824B4D34C994FC8FE42";
		};
		"7F204E0A5D1DF030E714A7A8" = {
			"isa" = "PBXFileReference";
			"lastKnownFileType" = "sourcecode.swift";
			"path" = "Requestman/Features/Requests/RequestInspectorView.swift";
			"sourceTree" = "<group>";
		};
		"577A3603A89560D629022EE9" = {
			"isa" = "PBXBuildFile";
			"fileRef" = "7F204E0A5D1DF030E714A7A8";
		};
		"C03A3F98383F7D29371F14EB" = {
			"isa" = "PBXFileReference";
			"lastKnownFileType" = "sourcecode.swift";
			"path" = "Requestman/Features/Requests/RequestPayloadView.swift";
			"sourceTree" = "<group>";
		};
		"1718487E37C6A8427B363502" = {
			"isa" = "PBXBuildFile";
			"fileRef" = "C03A3F98383F7D29371F14EB";
		};
		"2898867DD0244498D419CD10" = {
			"isa" = "PBXFileReference";
			"lastKnownFileType" = "sourcecode.swift";
			"path" = "Requestman/Features/Requests/RequestPayloadPresentation.swift";
			"sourceTree" = "<group>";
		};
		"BAB483304DB31FDE384ABD5D" = {
			"isa" = "PBXBuildFile";
			"fileRef" = "2898867DD0244498D419CD10";
		};
		"89AA0763FFA829CE08194622" = {
			"isa" = "PBXFileReference";
			"lastKnownFileType" = "sourcecode.swift";
			"path" = "Requestman/Features/Requests/RequestDataOutline.swift";
			"sourceTree" = "<group>";
		};
		"BEA8923B3A1CA1C792EC752C" = {
			"isa" = "PBXBuildFile";
			"fileRef" = "89AA0763FFA829CE08194622";
		};
		"CCE5CE339BBADE9381EE255D" = {
			"isa" = "PBXFileReference";
			"lastKnownFileType" = "sourcecode.swift";
			"path" = "Requestman/Features/Requests/RequestInspectionData.swift";
			"sourceTree" = "<group>";
		};
		"2932191D5B003E1B486FCF29" = {
			"isa" = "PBXBuildFile";
			"fileRef" = "CCE5CE339BBADE9381EE255D";
		};
		"BAA4A6B3B435766A95BDD9B2" = {
			"isa" = "PBXFileReference";
			"lastKnownFileType" = "sourcecode.swift";
			"path" = "Requestman/Features/Requests/RequestBodyDecoding.swift";
			"sourceTree" = "<group>";
		};
		"CE638D7DCE55082DE2AD07B3" = {
			"isa" = "PBXBuildFile";
			"fileRef" = "BAA4A6B3B435766A95BDD9B2";
		};
		"BA694F9319384A679527F801" = {
			"isa" = "PBXFileReference";
			"lastKnownFileType" = "sourcecode.swift";
			"path" = "Requestman/Features/Connection/CertificateSetupView.swift";
			"sourceTree" = "<group>";
		};
		"BA694F9319384A679527F802" = {
			"isa" = "PBXBuildFile";
			"fileRef" = "BA694F9319384A679527F801";
		};
		"BA694F9319384A679527F803" = {
			"isa" = "XCSwiftPackageProductDependency";
			"package" = "582681C2EAE02B3F3D399C0C";
			"productName" = "RequestmanCertificates";
		};
		"BA694F9319384A679527F804" = {
			"isa" = "PBXBuildFile";
			"productRef" = "BA694F9319384A679527F803";
		};
		"72B120E798F14A638AC32A03" = {
			"isa" = "PBXFileReference";
			"lastKnownFileType" = "sourcecode.swift";
			"path" = "Requestman/Features/Settings/GeneralSettingsView.swift";
			"sourceTree" = "<group>";
		};
		"72B120E798F14A638AC32A04" = {
			"isa" = "PBXBuildFile";
			"fileRef" = "72B120E798F14A638AC32A03";
		};
		"72B120E798F14A638AC32A01" = {
			"isa" = "PBXFileReference";
			"lastKnownFileType" = "sourcecode.swift";
			"path" = "Requestman/Infrastructure/Browser/ChromiumBrowserCatalog.swift";
			"sourceTree" = "<group>";
		};
		"72B120E798F14A638AC32A02" = {
			"isa" = "PBXBuildFile";
			"fileRef" = "72B120E798F14A638AC32A01";
		};
		"AC61F3DB56E446B0BA7CD9C1" = {
			"isa" = "PBXFileReference";
			"lastKnownFileType" = "sourcecode.swift";
			"path" = "Requestman/Features/Connection/UpstreamProxyPrompt.swift";
			"sourceTree" = "<group>";
		};
		"69AC519681D4411F90021182" = {
			"isa" = "PBXBuildFile";
			"fileRef" = "AC61F3DB56E446B0BA7CD9C1";
		};
		"66C777AADFDD9EF77AB46C95" = {
			"isa" = "PBXFileReference";
			"lastKnownFileType" = "sourcecode.swift";
			"path" = "Requestman/Features/Workspace/WorkspaceSectionControl.swift";
			"sourceTree" = "<group>";
		};
		"AA723CB28A14D53FFE8683CC" = {
			"isa" = "PBXBuildFile";
			"fileRef" = "66C777AADFDD9EF77AB46C95";
		};
		"20862586DEEC23D066F47C31" = {
			"isa" = "PBXFileReference";
			"lastKnownFileType" = "sourcecode.swift";
			"path" = "Requestman/Features/Settings/WorkspaceSettingsView.swift";
			"sourceTree" = "<group>";
		};
		"A2D34AF5EAF3073EA4E6CBE8" = {
			"isa" = "PBXBuildFile";
			"fileRef" = "20862586DEEC23D066F47C31";
		};
		"F034173E7D712F9B663EF189" = {
			"isa" = "PBXFileReference";
			"lastKnownFileType" = "sourcecode.swift";
			"path" = "Requestman/Infrastructure/Browser/BrowserLauncher.swift";
			"sourceTree" = "<group>";
		};
		"E9751C5AF06CE56B082322E9" = {
			"isa" = "PBXBuildFile";
			"fileRef" = "F034173E7D712F9B663EF189";
		};
		"3378E8C5B9087F2189A82B77" = {
			"isa" = "PBXBuildFile";
			"productRef" = "769C1826843E971C2F135B82";
		};
		"769C1826843E971C2F135B82" = {
			"isa" = "XCSwiftPackageProductDependency";
			"package" = "582681C2EAE02B3F3D399C0C";
			"productName" = "RequestmanProxy";
		};
		"7C2BDDBDD012B872A8E7AAC1" = {
			"isa" = "PBXBuildFile";
			"fileRef" = "FD72A5DC99C066FA074DEE61";
		};
		"FD72A5DC99C066FA074DEE61" = {
			"isa" = "PBXFileReference";
			"lastKnownFileType" = "sourcecode.swift";
			"path" = "Requestman/Infrastructure/Capture/LocalCaptureService.swift";
			"sourceTree" = "<group>";
		};
		"E8F774C24B7384DC1464C81F" = {
			"isa" = "PBXBuildFile";
			"fileRef" = "15F71FB09981C1A1D4BBDA4B";
		};
		"15F71FB09981C1A1D4BBDA4B" = {
			"isa" = "PBXFileReference";
			"lastKnownFileType" = "sourcecode.swift";
			"path" = "Requestman/Features/Environments/EnvironmentsView.swift";
			"sourceTree" = "<group>";
		};
		"67AA01506D96DA364042FF26" = {
			"isa" = "PBXFileReference";
			"lastKnownFileType" = "sourcecode.swift";
			"path" = "Requestman/App/RequestmanApp.swift";
			"sourceTree" = "<group>";
		};
		"B1314B8A4F25E11367CF1680" = {
			"isa" = "PBXBuildFile";
			"fileRef" = "67AA01506D96DA364042FF26";
		};
		"A9F286AE72ED88A25448163E" = {
			"isa" = "PBXFileReference";
			"lastKnownFileType" = "sourcecode.swift";
			"path" = "Requestman/App/WorkspaceModel.swift";
			"sourceTree" = "<group>";
		};
		"CCBE6A86B4438F5217413328" = {
			"isa" = "PBXBuildFile";
			"fileRef" = "A9F286AE72ED88A25448163E";
		};
		"A03C17A225475B347E26729E" = {
			"isa" = "PBXFileReference";
			"lastKnownFileType" = "sourcecode.swift";
			"path" = "Requestman/Features/Connection/ConnectionSettingsView.swift";
			"sourceTree" = "<group>";
		};
		"99927C93F99D4F00D97CC57F" = {
			"isa" = "PBXBuildFile";
			"fileRef" = "A03C17A225475B347E26729E";
		};
		"4C3A75160F26468EA29D5061" = {
			"isa" = "PBXFileReference";
			"lastKnownFileType" = "sourcecode.swift";
			"path" = "Requestman/Features/Requests/RequestRecordsTable.swift";
			"sourceTree" = "<group>";
		};
		"4C3A75160F26468EA29D5062" = {
			"isa" = "PBXBuildFile";
			"fileRef" = "4C3A75160F26468EA29D5061";
		};
		"CF619E3F4441CF542CEC6273" = {
			"isa" = "PBXFileReference";
			"lastKnownFileType" = "sourcecode.swift";
			"path" = "Requestman/Features/Requests/RequestsView.swift";
			"sourceTree" = "<group>";
		};
		"65D2437F451A7E298F01615A" = {
			"isa" = "PBXBuildFile";
			"fileRef" = "CF619E3F4441CF542CEC6273";
		};
		"A8CE98D3D53D32C769A516B8" = {
			"isa" = "PBXFileReference";
			"lastKnownFileType" = "sourcecode.swift";
			"path" = "Requestman/Features/Rules/RulesView.swift";
			"sourceTree" = "<group>";
		};
		"977963FF90440603C012F5DC" = {
			"isa" = "PBXBuildFile";
			"fileRef" = "A8CE98D3D53D32C769A516B8";
		};
		"E993CA47D7D0AC8845B4A238" = {
			"isa" = "PBXFileReference";
			"lastKnownFileType" = "sourcecode.swift";
			"path" = "Requestman/Features/Workspace/WorkspaceSection.swift";
			"sourceTree" = "<group>";
		};
		"BFC10EFC1AB3448A59D900DC" = {
			"isa" = "PBXBuildFile";
			"fileRef" = "E993CA47D7D0AC8845B4A238";
		};
        "B126AABB0000000000000001" = {
            "isa" = "PBXFileReference";
            "lastKnownFileType" = "sourcecode.swift";
            "path" = "Requestman/Features/Workspace/WorkspaceTransfer.swift";
            "sourceTree" = "<group>";
        };
        "B126AABB0000000000000002" = {
            "isa" = "PBXBuildFile";
            "fileRef" = "B126AABB0000000000000001";
        };
		"7C28A29B34E8034AC7DD0C18" = {
			"isa" = "PBXFileReference";
			"lastKnownFileType" = "sourcecode.swift";
			"path" = "Requestman/Features/Workspace/WorkspaceView.swift";
			"sourceTree" = "<group>";
		};
		"3F3F99DF960C01BEA0551DBB" = {
			"isa" = "PBXBuildFile";
			"fileRef" = "7C28A29B34E8034AC7DD0C18";
		};
		"B0EAAA525C3106E1DE8CB93D" = {
			"isa" = "PBXFileReference";
			"lastKnownFileType" = "sourcecode.swift";
			"path" = "Requestman/Infrastructure/Capture/UnavailableCaptureService.swift";
			"sourceTree" = "<group>";
		};
		"32B96703F25DC6C7865528FB" = {
			"isa" = "PBXBuildFile";
			"fileRef" = "B0EAAA525C3106E1DE8CB93D";
		};
		"DFBA7AADE0868074C2861C98" = {
			"isa" = "PBXFileReference";
			"lastKnownFileType" = "text.xcconfig";
			"path" = "Configuration/Base.xcconfig";
			"sourceTree" = "<group>";
		};
		"38A007151ABE87CC01A5B6E9" = {
			"isa" = "PBXFileReference";
			"explicitFileType" = "wrapper.application";
			"includeInIndex" = "0";
			"path" = "Requestman.app";
			"sourceTree" = "BUILT_PRODUCTS_DIR";
		};
		"FBDC4F23F93125BBEEAE800C" = {
			"isa" = "PBXGroup";
			"children" = (
				"38A007151ABE87CC01A5B6E9",
			);
			"name" = "Products";
			"sourceTree" = "<group>";
		};
		"BCE16DD0260827ECF338C787" = {
			"isa" = "PBXGroup";
			"children" = (
                "A10926E01000000000000001",
				"A10926C00000000000000001",
				"BFDE1824B4D34C994FC8FE42",
				"7F204E0A5D1DF030E714A7A8",
				"C03A3F98383F7D29371F14EB",
				"2898867DD0244498D419CD10",
				"89AA0763FFA829CE08194622",
				"CCE5CE339BBADE9381EE255D",
				"A10D78910B42E56000000003",
				"BAA4A6B3B435766A95BDD9B2",
				"66C777AADFDD9EF77AB46C95",
				"A10D78910B42E56000000001",
                "A10A99000000000000000001",
                "A10926D00000000000000001",
                "A10926D00000000000000003",
                "A10A99000000000000000051",
				"20862586DEEC23D066F47C31",
				"72B120E798F14A638AC32A01",
				"72B120E798F14A638AC32A03",
				"BA694F9319384A679527F801",
				"F034173E7D712F9B663EF189",
				"FD72A5DC99C066FA074DEE61",
				"15F71FB09981C1A1D4BBDA4B",
				"67AA01506D96DA364042FF26",
				"A9F286AE72ED88A25448163E",
				"A03C17A225475B347E26729E",
				"AC61F3DB56E446B0BA7CD9C1",
				"CF619E3F4441CF542CEC6273",
                "A109250F17E2000000000001",
				"4C3A75160F26468EA29D5061",
				"A8CE98D3D53D32C769A516B8",
                "A10926F01000000000000001",
                "BEB4E525F48603DE12666E8E",
                "F38B4ECE2819FC9E4240EE95",
                "A10926B0D000000000000001",
                "A10926AB0000000000000001",
                "A10926C01000000000000001",
                "1ADC8B696AE5EE9F146362A5",
                "43FA72838C312E5A373171D3",
                "6DEF4499A370158C3E868307",
				"E993CA47D7D0AC8845B4A238",
				"7C28A29B34E8034AC7DD0C18",
                "B126AABB0000000000000001",
				"B0EAAA525C3106E1DE8CB93D",
			);
			"name" = "Requestman";
			"sourceTree" = "<group>";
		};
		"B28B7AF69320201D1CF206EB" = {
			"isa" = "PBXGroup";
			"children" = (
				"BCE16DD0260827ECF338C787",
				"DFBA7AADE0868074C2861C98",
				"FBDC4F23F93125BBEEAE800C",
			);
			"sourceTree" = "<group>";
		};
		"582681C2EAE02B3F3D399C0C" = {
			"isa" = "XCLocalSwiftPackageReference";
			"relativePath" = "Packages/RequestmanCore";
		};
		"94A0426E8D3203DA5468CCF0" = {
			"isa" = "XCSwiftPackageProductDependency";
			"package" = "582681C2EAE02B3F3D399C0C";
			"productName" = "RequestmanCore";
		};
		"D9F82689E8F760ECED47CA3E" = {
			"isa" = "PBXBuildFile";
			"productRef" = "94A0426E8D3203DA5468CCF0";
		};
		"F612CD2E22E187AC48B5913C" = {
			"isa" = "PBXSourcesBuildPhase";
			"buildActionMask" = "2147483647";
			"files" = (
                "A10926E01000000000000002",
				"03FF0AB517F40B032C6E9FF3",
				"577A3603A89560D629022EE9",
				"1718487E37C6A8427B363502",
				"BAB483304DB31FDE384ABD5D",
				"BEA8923B3A1CA1C792EC752C",
				"2932191D5B003E1B486FCF29",
				"A10D78910B42E56000000004",
				"CE638D7DCE55082DE2AD07B3",
				"AA723CB28A14D53FFE8683CC",
				"A10D78910B42E56000000002",
                "A10A99000000000000000002",
                "A10926D00000000000000002",
                "A10926D00000000000000004",
                "A10A99000000000000000052",
				"A2D34AF5EAF3073EA4E6CBE8",
				"72B120E798F14A638AC32A02",
				"72B120E798F14A638AC32A04",
				"BA694F9319384A679527F802",
				"E9751C5AF06CE56B082322E9",
				"7C2BDDBDD012B872A8E7AAC1",
				"E8F774C24B7384DC1464C81F",
				"B1314B8A4F25E11367CF1680",
				"CCBE6A86B4438F5217413328",
				"99927C93F99D4F00D97CC57F",
				"69AC519681D4411F90021182",
				"65D2437F451A7E298F01615A",
                "A109250F17E2000000000002",
				"4C3A75160F26468EA29D5062",
				"977963FF90440603C012F5DC",
                "A10926F01000000000000002",
                "3FE625F0ED4E4732804874D9",
                "22372EBFC3A8E041A25BF830",
                "A10926B0D000000000000002",
                "A10926AB0000000000000002",
                "A10926C01000000000000002",
                "9AE475B59ADF0ADC61AB8C9E",
                "D05FACDD10ACF1C575F2521E",
                "81833207DF5631BF81282D3A",
				"BFC10EFC1AB3448A59D900DC",
				"3F3F99DF960C01BEA0551DBB",
                "B126AABB0000000000000002",
				"32B96703F25DC6C7865528FB",
			);
			"runOnlyForDeploymentPostprocessing" = "0";
		};
		"69680EDE0CF9B24DB8DBFE04" = {
			"isa" = "PBXFrameworksBuildPhase";
			"buildActionMask" = "2147483647";
			"files" = (
				"3378E8C5B9087F2189A82B77",
				"D9F82689E8F760ECED47CA3E",
				"BA694F9319384A679527F804",
			);
			"runOnlyForDeploymentPostprocessing" = "0";
		};
		"86F6FE2DD6E869C1842A14B3" = {
			"isa" = "PBXResourcesBuildPhase";
			"buildActionMask" = "2147483647";
			"files" = (
				"A10926C00000000000000002",
			);
			"runOnlyForDeploymentPostprocessing" = "0";
		};
		"4D8F54E7CBAF670D9F6C230D" = {
			"isa" = "XCBuildConfiguration";
			"name" = "Debug";
			"buildSettings" = {
				"SDKROOT" = "macosx";
				"SUPPORTED_PLATFORMS" = "macosx";
				"CLANG_ENABLE_MODULES" = "YES";
				"SWIFT_OPTIMIZATION_LEVEL" = "-Onone";
				"LD_RUNPATH_SEARCH_PATHS" = (
					"$(inherited)",
					"@executable_path/../Frameworks",
				);
				"SWIFT_ACTIVE_COMPILATION_CONDITIONS" = "$(inherited) DEBUG";
			};
			"baseConfigurationReference" = "DFBA7AADE0868074C2861C98";
		};
		"1A6EFC2CD0AF63DD14BE0438" = {
			"isa" = "XCBuildConfiguration";
			"name" = "Release";
			"buildSettings" = {
				"SDKROOT" = "macosx";
				"SUPPORTED_PLATFORMS" = "macosx";
				"CLANG_ENABLE_MODULES" = "YES";
				"SWIFT_OPTIMIZATION_LEVEL" = "-O";
				"LD_RUNPATH_SEARCH_PATHS" = (
					"$(inherited)",
					"@executable_path/../Frameworks",
				);
			};
			"baseConfigurationReference" = "DFBA7AADE0868074C2861C98";
		};
		"DC55407B0565717C06CE10A3" = {
			"isa" = "XCConfigurationList";
			"buildConfigurations" = (
				"4D8F54E7CBAF670D9F6C230D",
				"1A6EFC2CD0AF63DD14BE0438",
			);
			"defaultConfigurationIsVisible" = "0";
			"defaultConfigurationName" = "Release";
		};
		"0E8A3AD980EC179856012B7E" = {
			"isa" = "PBXNativeTarget";
			"buildConfigurationList" = "DC55407B0565717C06CE10A3";
			"buildPhases" = (
				"F612CD2E22E187AC48B5913C",
				"69680EDE0CF9B24DB8DBFE04",
				"86F6FE2DD6E869C1842A14B3",
			);
			"buildRules" = (
			);
			"dependencies" = (
			);
			"name" = "Requestman";
			"packageProductDependencies" = (
				"769C1826843E971C2F135B82",
				"94A0426E8D3203DA5468CCF0",
				"BA694F9319384A679527F803",
			);
			"productName" = "Requestman";
			"productReference" = "38A007151ABE87CC01A5B6E9";
			"productType" = "com.apple.product-type.application";
		};
		"ED8772ADEC3A6C25161BC957" = {
			"isa" = "XCBuildConfiguration";
			"name" = "Debug";
			"buildSettings" = {
				"ONLY_ACTIVE_ARCH" = "YES";
				"SDKROOT" = "macosx";
				"SUPPORTED_PLATFORMS" = "macosx";
				"CLANG_ENABLE_MODULES" = "YES";
			};
		};
		"00F209874A1F7309F6DCEAA7" = {
			"isa" = "XCBuildConfiguration";
			"name" = "Release";
			"buildSettings" = {
				"ONLY_ACTIVE_ARCH" = "NO";
				"SDKROOT" = "macosx";
				"SUPPORTED_PLATFORMS" = "macosx";
				"CLANG_ENABLE_MODULES" = "YES";
			};
		};
		"90061A5F4E19D1411B425E01" = {
			"isa" = "XCConfigurationList";
			"buildConfigurations" = (
				"ED8772ADEC3A6C25161BC957",
				"00F209874A1F7309F6DCEAA7",
			);
			"defaultConfigurationIsVisible" = "0";
			"defaultConfigurationName" = "Release";
		};
		"98F54143AB4E86B28C3AFEE0" = {
			"isa" = "PBXProject";
			"attributes" = {
				"BuildIndependentTargetsInParallel" = "YES";
				"LastUpgradeCheck" = "2600";
			};
			"buildConfigurationList" = "90061A5F4E19D1411B425E01";
			"compatibilityVersion" = "Xcode 15.0";
			"developmentRegion" = "zh-Hans";
			"hasScannedForEncodings" = "0";
			"knownRegions" = (
				"zh-Hans",
				"en",
				"Base",
			);
			"mainGroup" = "B28B7AF69320201D1CF206EB";
			"packageReferences" = (
				"582681C2EAE02B3F3D399C0C",
			);
			"productRefGroup" = "FBDC4F23F93125BBEEAE800C";
			"projectDirPath" = "";
			"projectRoot" = "";
			"targets" = (
				"0E8A3AD980EC179856012B7E",
			);
		};
	};
	"rootObject" = "98F54143AB4E86B28C3AFEE0";
}
